
Microsoft Visual Studio Solution File, Format Version 12.00
# Visual Studio Version 16
VisualStudioVersion = 25.0.1700.5
MinimumVisualStudioVersion = 10.0.40219.1
Project("{FAE04EC0-301F-11D3-BF4B-00C04F79EFBC}") = "SyntaxSugarExercise", "SyntaxSugarExercise\SyntaxSugarExercise.csproj", "{8F298651-986B-42E0-A511-8194A146B228}"
EndProject
Global
	GlobalSection(SolutionConfigurationPlatforms) = preSolution
		Debug|Any CPU = Debug|Any CPU
		Release|Any CPU = Release|Any CPU
	EndGlobalSection
	GlobalSection(ProjectConfigurationPlatforms) = postSolution
		{8F298651-986B-42E0-A511-8194A146B228}.Debug|Any CPU.ActiveCfg = Debug|Any CPU
		{8F298651-986B-42E0-A511-8194A146B228}.Debug|Any CPU.Build.0 = Debug|Any CPU
		{8F298651-986B-42E0-A511-8194A146B228}.Release|Any CPU.ActiveCfg = Release|Any CPU
		{8F298651-986B-42E0-A511-8194A146B228}.Release|Any CPU.Build.0 = Release|Any CPU
	EndGlobalSection
	GlobalSection(SolutionProperties) = preSolution
		HideSolutionNode = FALSE
	EndGlobalSection
	GlobalSection(ExtensibilityGlobals) = postSolution
		SolutionGuid = {3C275215-6C02-48C9-9EA9-6E9DAE2BC0E0}
	EndGlobalSection
EndGlobal
